
Microsoft Visual Studio Solution File, Format Version 12.00
# Visual Studio Version 17
VisualStudioVersion = 17.14.37027.9 d17.14
MinimumVisualStudioVersion = 10.0.40219.1
Project("{8BC9CEB8-8B4A-11D0-8D11-00A0C91BC942}") = "DaydreamMath", "DaydreamMath\DaydreamMath.vcxproj", "{AC5E7B73-7836-408E-A744-BD9955B67884}"
EndProject
Global
	GlobalSection(SolutionConfigurationPlatforms) = preSolution
		Debug|x64 = Debug|x64
		Debug|x86 = Debug|x86
		Release|x64 = Release|x64
		Release|x86 = Release|x86
	EndGlobalSection
	GlobalSection(ProjectConfigurationPlatforms) = postSolution
		{AC5E7B73-7836-408E-A744-BD9955B67884}.Debug|x64.ActiveCfg = Debug|x64
		{AC5E7B73-7836-408E-A744-BD9955B67884}.Debug|x64.Build.0 = Debug|x64
		{AC5E7B73-7836-408E-A744-BD9955B67884}.Debug|x86.ActiveCfg = Debug|Win32
		{AC5E7B73-7836-408E-A744-BD9955B67884}.Debug|x86.Build.0 = Debug|Win32
		{AC5E7B73-7836-408E-A744-BD9955B67884}.Release|x64.ActiveCfg = Release|x64
		{AC5E7B73-7836-408E-A744-BD9955B67884}.Release|x64.Build.0 = Release|x64
		{AC5E7B73-7836-408E-A744-BD9955B67884}.Release|x86.ActiveCfg = Release|Win32
		{AC5E7B73-7836-408E-A744-BD9955B67884}.Release|x86.Build.0 = Release|Win32
	EndGlobalSection
	GlobalSection(SolutionProperties) = preSolution
		HideSolutionNode = FALSE
	EndGlobalSection
	GlobalSection(ExtensibilityGlobals) = postSolution
		SolutionGuid = {C9EEC37C-B8BE-4E12-B6E7-C9BA81FC1BD5}
	EndGlobalSection
EndGlobal
